
Microsoft Visual Studio Solution File, Format Version 12.00
# Visual Studio Version 17
VisualStudioVersion = 17.4.33103.184
MinimumVisualStudioVersion = 10.0.40219.1
Project("{FAE04EC0-301F-11D3-BF4B-00C04F79EFBC}") = "Durable", "Durable\Durable.csproj", "{2911E93C-5FDC-41A1-88E2-9B81553E8ECB}"
EndProject
Global
	GlobalSection(SolutionConfigurationPlatforms) = preSolution
		Debug|Any CPU = Debug|Any CPU
		Release|Any CPU = Release|Any CPU
	EndGlobalSection
	GlobalSection(ProjectConfigurationPlatforms) = postSolution
		{2911E93C-5FDC-41A1-88E2-9B81553E8ECB}.Debug|Any CPU.ActiveCfg = Debug|Any CPU
		{2911E93C-5FDC-41A1-88E2-9B81553E8ECB}.Debug|Any CPU.Build.0 = Debug|Any CPU
		{2911E93C-5FDC-41A1-88E2-9B81553E8ECB}.Release|Any CPU.ActiveCfg = Release|Any CPU
		{2911E93C-5FDC-41A1-88E2-9B81553E8ECB}.Release|Any CPU.Build.0 = Release|Any CPU
	EndGlobalSection
	GlobalSection(SolutionProperties) = preSolution
		HideSolutionNode = FALSE
	EndGlobalSection
	GlobalSection(ExtensibilityGlobals) = postSolution
		SolutionGuid = {1C52B7AF-8DFC-4B47-94FE-4F536AB80C1D}
	EndGlobalSection
EndGlobal
